
Microsoft Visual Studio Solution File, Format Version 12.00
# Visual Studio 15
VisualStudioVersion = 15.0.28307.329
MinimumVisualStudioVersion = 10.0.40219.1
Project("{FAE04EC0-301F-11D3-BF4B-00C04F79EFBC}") = "Review", "Review\Review.csproj", "{D68442ED-D0D2-42A8-9BA3-1ED9E9770D52}"
EndProject
Project("{FAE04EC0-301F-11D3-BF4B-00C04F79EFBC}") = "Review-Classes", "Review-Classes\Review-Classes.csproj", "{0DD3A9FC-0F97-4034-99DA-E58E384D611C}"
EndProject
Global
	GlobalSection(SolutionConfigurationPlatforms) = preSolution
		Debug|Any CPU = Debug|Any CPU
		Release|Any CPU = Release|Any CPU
	EndGlobalSection
	GlobalSection(ProjectConfigurationPlatforms) = postSolution
		{D68442ED-D0D2-42A8-9BA3-1ED9E9770D52}.Debug|Any CPU.ActiveCfg = Debug|Any CPU
		{D68442ED-D0D2-42A8-9BA3-1ED9E9770D52}.Debug|Any CPU.Build.0 = Debug|Any CPU
		{D68442ED-D0D2-42A8-9BA3-1ED9E9770D52}.Release|Any CPU.ActiveCfg = Release|Any CPU
		{D68442ED-D0D2-42A8-9BA3-1ED9E9770D52}.Release|Any CPU.Build.0 = Release|Any CPU
		{0DD3A9FC-0F97-4034-99DA-E58E384D611C}.Debug|Any CPU.ActiveCfg = Debug|Any CPU
		{0DD3A9FC-0F97-4034-99DA-E58E384D611C}.Debug|Any CPU.Build.0 = Debug|Any CPU
		{0DD3A9FC-0F97-4034-99DA-E58E384D611C}.Release|Any CPU.ActiveCfg = Release|Any CPU
		{0DD3A9FC-0F97-4034-99DA-E58E384D611C}.Release|Any CPU.Build.0 = Release|Any CPU
	EndGlobalSection
	GlobalSection(SolutionProperties) = preSolution
		HideSolutionNode = FALSE
	EndGlobalSection
	GlobalSection(ExtensibilityGlobals) = postSolution
		SolutionGuid = {469A2053-F0BB-471C-BE97-7ED0E6504E72}
	EndGlobalSection
EndGlobal
